{
  "name": "qrelate",
  "version": "1.0.0",
  "lockfileVersion": 1,
  "requires": true,
  "dependencies": {
    "record-cache": {
      "version": "1.0.1",
      "resolved": "https://registry.npmjs.org/record-cache/-/record-cache-1.0.1.tgz",
      "integrity": "sha512-PqZBqRbn00rDt2nAvb/7oC5dbhY0VuOUjLhFKqZ6C7aaJmSc1BgqewKXxFScXnFe4cCZAmTvD4xRLimtvOIi1A=="
    }
  }
}
